// !$*UTF8*$!
{
	archiveVersion = 1;
	classes = {
	};
	objectVersion = 46;
	objects = {

/* Begin PBXAggregateTarget section */
		"dsa-reusable::dsa-reusablePackageTests::ProductTarget" /* dsa-reusablePackageTests */ = {
			isa = PBXAggregateTarget;
			buildConfigurationList = OBJ_32 /* Build configuration list for PBXAggregateTarget "dsa-reusablePackageTests" */;
			buildPhases = (
			);
			dependencies = (
				OBJ_35 /* PBXTargetDependency */,
			);
			name = "dsa-reusablePackageTests";
			productName = "dsa-reusablePackageTests";
		};
/* End PBXAggregateTarget section */

/* Begin PBXBuildFile section */
		131D1716277311D9007FFE32 /* Array+Joined.swift in Sources */ = {isa = PBXBuildFile; fileRef = 131D1715277311D9007FFE32 /* Array+Joined.swift */; };
		131D171B277312CE007FFE32 /* SinglyLinkedList.swift in Sources */ = {isa = PBXBuildFile; fileRef = 131D171A277312CE007FFE32 /* SinglyLinkedList.swift */; };
		131D171D277312DD007FFE32 /* SinglyLinkedListNode.swift in Sources */ = {isa = PBXBuildFile; fileRef = 131D171C277312DD007FFE32 /* SinglyLinkedListNode.swift */; };
		131D172227731D56007FFE32 /* SinglyLinkedListTests.swift in Sources */ = {isa = PBXBuildFile; fileRef = 131D172027731D12007FFE32 /* SinglyLinkedListTests.swift */; };
		132A6C53277E505300C1A291 /* SinglyCircularLinkedList.swift in Sources */ = {isa = PBXBuildFile; fileRef = 132A6C52277E505300C1A291 /* SinglyCircularLinkedList.swift */; };
		132A6C56277E517900C1A291 /* SinglyCircularLinkedListTests.swift in Sources */ = {isa = PBXBuildFile; fileRef = 132A6C55277E517900C1A291 /* SinglyCircularLinkedListTests.swift */; };
		13F708B52782383900CB3140 /* Stack.swift in Sources */ = {isa = PBXBuildFile; fileRef = 13F708B42782383900CB3140 /* Stack.swift */; };
		13F708B927823A6200CB3140 /* StackTests.swift in Sources */ = {isa = PBXBuildFile; fileRef = 13F708B827823A6200CB3140 /* StackTests.swift */; };
		13F708BB27823DCF00CB3140 /* StackLinkedList.swift in Sources */ = {isa = PBXBuildFile; fileRef = 13F708BA27823DCF00CB3140 /* StackLinkedList.swift */; };
		13F708BE27823EF100CB3140 /* StackLinkedListTests.swift in Sources */ = {isa = PBXBuildFile; fileRef = 13F708BC27823EE000CB3140 /* StackLinkedListTests.swift */; };
		OBJ_30 /* Package.swift in Sources */ = {isa = PBXBuildFile; fileRef = OBJ_6 /* Package.swift */; };
		OBJ_43 /* dsa_reusable.framework in Frameworks */ = {isa = PBXBuildFile; fileRef = "dsa-reusable::dsa-reusable::Product" /* dsa_reusable.framework */; };
/* End PBXBuildFile section */

/* Begin PBXContainerItemProxy section */
		131D17132773113E007FFE32 /* PBXContainerItemProxy */ = {
			isa = PBXContainerItemProxy;
			containerPortal = OBJ_1 /* Project object */;
			proxyType = 1;
			remoteGlobalIDString = "dsa-reusable::dsa-reusable";
			remoteInfo = "dsa-reusable";
		};
		131D17142773113E007FFE32 /* PBXContainerItemProxy */ = {
			isa = PBXContainerItemProxy;
			containerPortal = OBJ_1 /* Project object */;
			proxyType = 1;
			remoteGlobalIDString = "dsa-reusable::dsa-reusableTests";
			remoteInfo = "dsa-reusableTests";
		};
/* End PBXContainerItemProxy section */

/* Begin PBXFileReference section */
		131D1715277311D9007FFE32 /* Array+Joined.swift */ = {isa = PBXFileReference; lastKnownFileType = sourcecode.swift; path = "Array+Joined.swift"; sourceTree = "<group>"; };
		131D171A277312CE007FFE32 /* SinglyLinkedList.swift */ = {isa = PBXFileReference; lastKnownFileType = sourcecode.swift; path = SinglyLinkedList.swift; sourceTree = "<group>"; };
		131D171C277312DD007FFE32 /* SinglyLinkedListNode.swift */ = {isa = PBXFileReference; lastKnownFileType = sourcecode.swift; path = SinglyLinkedListNode.swift; sourceTree = "<group>"; };
		131D172027731D12007FFE32 /* SinglyLinkedListTests.swift */ = {isa = PBXFileReference; lastKnownFileType = sourcecode.swift; path = SinglyLinkedListTests.swift; sourceTree = "<group>"; };
		132A6C52277E505300C1A291 /* SinglyCircularLinkedList.swift */ = {isa = PBXFileReference; lastKnownFileType = sourcecode.swift; path = SinglyCircularLinkedList.swift; sourceTree = "<group>"; };
		132A6C55277E517900C1A291 /* SinglyCircularLinkedListTests.swift */ = {isa = PBXFileReference; lastKnownFileType = sourcecode.swift; path = SinglyCircularLinkedListTests.swift; sourceTree = "<group>"; };
		13F708B42782383900CB3140 /* Stack.swift */ = {isa = PBXFileReference; lastKnownFileType = sourcecode.swift; path = Stack.swift; sourceTree = "<group>"; };
		13F708B827823A6200CB3140 /* StackTests.swift */ = {isa = PBXFileReference; lastKnownFileType = sourcecode.swift; path = StackTests.swift; sourceTree = "<group>"; };
		13F708BA27823DCF00CB3140 /* StackLinkedList.swift */ = {isa = PBXFileReference; lastKnownFileType = sourcecode.swift; path = StackLinkedList.swift; sourceTree = "<group>"; };
		13F708BC27823EE000CB3140 /* StackLinkedListTests.swift */ = {isa = PBXFileReference; lastKnownFileType = sourcecode.swift; path = StackLinkedListTests.swift; sourceTree = "<group>"; };
		OBJ_16 /* LICENSE */ = {isa = PBXFileReference; lastKnownFileType = text; path = LICENSE; sourceTree = "<group>"; };
		OBJ_17 /* README.md */ = {isa = PBXFileReference; lastKnownFileType = net.daringfireball.markdown; path = README.md; sourceTree = "<group>"; };
		OBJ_6 /* Package.swift */ = {isa = PBXFileReference; explicitFileType = sourcecode.swift; path = Package.swift; sourceTree = "<group>"; };
		"dsa-reusable::dsa-reusable::Product" /* dsa_reusable.framework */ = {isa = PBXFileReference; lastKnownFileType = wrapper.framework; path = dsa_reusable.framework; sourceTree = BUILT_PRODUCTS_DIR; };
		"dsa-reusable::dsa-reusableTests::Product" /* dsa_reusableTests.xctest */ = {isa = PBXFileReference; lastKnownFileType = file; name = dsa_reusableTests.xctest; path = "dsa-reusableTests.xctest"; sourceTree = BUILT_PRODUCTS_DIR; };
/* End PBXFileReference section */

/* Begin PBXFrameworksBuildPhase section */
		OBJ_24 /* Frameworks */ = {
			isa = PBXFrameworksBuildPhase;
			buildActionMask = 0;
			files = (
			);
			runOnlyForDeploymentPostprocessing = 0;
		};
		OBJ_42 /* Frameworks */ = {
			isa = PBXFrameworksBuildPhase;
			buildActionMask = 0;
			files = (
				OBJ_43 /* dsa_reusable.framework in Frameworks */,
			);
			runOnlyForDeploymentPostprocessing = 0;
		};
/* End PBXFrameworksBuildPhase section */

/* Begin PBXGroup section */
		131D1717277311E3007FFE32 /* Array */ = {
			isa = PBXGroup;
			children = (
				131D1715277311D9007FFE32 /* Array+Joined.swift */,
			);
			path = Array;
			sourceTree = "<group>";
		};
		131D17182773125F007FFE32 /* LinkedList */ = {
			isa = PBXGroup;
			children = (
				131D171927731279007FFE32 /* SinglyLinkedList */,
				132A6C51277E503C00C1A291 /* SinglyCircularLinkedList */,
			);
			path = LinkedList;
			sourceTree = "<group>";
		};
		131D171927731279007FFE32 /* SinglyLinkedList */ = {
			isa = PBXGroup;
			children = (
				131D171A277312CE007FFE32 /* SinglyLinkedList.swift */,
				131D171C277312DD007FFE32 /* SinglyLinkedListNode.swift */,
			);
			path = SinglyLinkedList;
			sourceTree = "<group>";
		};
		131D171E27731CEA007FFE32 /* LinkedList */ = {
			isa = PBXGroup;
			children = (
				131D171F27731CF6007FFE32 /* SinglyLinkedList */,
				132A6C54277E512D00C1A291 /* SinglyCircularLinkedList */,
			);
			path = LinkedList;
			sourceTree = "<group>";
		};
		131D171F27731CF6007FFE32 /* SinglyLinkedList */ = {
			isa = PBXGroup;
			children = (
				131D172027731D12007FFE32 /* SinglyLinkedListTests.swift */,
			);
			path = SinglyLinkedList;
			sourceTree = "<group>";
		};
		132A6C51277E503C00C1A291 /* SinglyCircularLinkedList */ = {
			isa = PBXGroup;
			children = (
				132A6C52277E505300C1A291 /* SinglyCircularLinkedList.swift */,
			);
			path = SinglyCircularLinkedList;
			sourceTree = "<group>";
		};
		132A6C54277E512D00C1A291 /* SinglyCircularLinkedList */ = {
			isa = PBXGroup;
			children = (
				132A6C55277E517900C1A291 /* SinglyCircularLinkedListTests.swift */,
			);
			path = SinglyCircularLinkedList;
			sourceTree = "<group>";
		};
		13F708B22782380A00CB3140 /* Stack */ = {
			isa = PBXGroup;
			children = (
				13F708B42782383900CB3140 /* Stack.swift */,
				13F708BA27823DCF00CB3140 /* StackLinkedList.swift */,
			);
			path = Stack;
			sourceTree = "<group>";
		};
		13F708B627823A4100CB3140 /* Stack */ = {
			isa = PBXGroup;
			children = (
				13F708B827823A6200CB3140 /* StackTests.swift */,
				13F708BC27823EE000CB3140 /* StackLinkedListTests.swift */,
			);
			path = Stack;
			sourceTree = "<group>";
		};
		OBJ_10 /* Tests */ = {
			isa = PBXGroup;
			children = (
				OBJ_11 /* dsa-reusableTests */,
			);
			name = Tests;
			sourceTree = SOURCE_ROOT;
		};
		OBJ_11 /* dsa-reusableTests */ = {
			isa = PBXGroup;
			children = (
				131D171E27731CEA007FFE32 /* LinkedList */,
				13F708B627823A4100CB3140 /* Stack */,
			);
			name = "dsa-reusableTests";
			path = "Tests/dsa-reusableTests";
			sourceTree = SOURCE_ROOT;
		};
		OBJ_13 /* Products */ = {
			isa = PBXGroup;
			children = (
				"dsa-reusable::dsa-reusable::Product" /* dsa_reusable.framework */,
				"dsa-reusable::dsa-reusableTests::Product" /* dsa_reusableTests.xctest */,
			);
			name = Products;
			sourceTree = BUILT_PRODUCTS_DIR;
		};
		OBJ_5 = {
			isa = PBXGroup;
			children = (
				OBJ_6 /* Package.swift */,
				OBJ_7 /* Sources */,
				OBJ_10 /* Tests */,
				OBJ_13 /* Products */,
				OBJ_16 /* LICENSE */,
				OBJ_17 /* README.md */,
			);
			sourceTree = "<group>";
		};
		OBJ_7 /* Sources */ = {
			isa = PBXGroup;
			children = (
				OBJ_8 /* dsa-reusable */,
			);
			name = Sources;
			sourceTree = SOURCE_ROOT;
		};
		OBJ_8 /* dsa-reusable */ = {
			isa = PBXGroup;
			children = (
				131D1717277311E3007FFE32 /* Array */,
				131D17182773125F007FFE32 /* LinkedList */,
				13F708B22782380A00CB3140 /* Stack */,
			);
			name = "dsa-reusable";
			path = "Sources/dsa-reusable";
			sourceTree = SOURCE_ROOT;
		};
/* End PBXGroup section */

/* Begin PBXNativeTarget section */
		"dsa-reusable::SwiftPMPackageDescription" /* dsa-reusablePackageDescription */ = {
			isa = PBXNativeTarget;
			buildConfigurationList = OBJ_26 /* Build configuration list for PBXNativeTarget "dsa-reusablePackageDescription" */;
			buildPhases = (
				OBJ_29 /* Sources */,
			);
			buildRules = (
			);
			dependencies = (
			);
			name = "dsa-reusablePackageDescription";
			productName = "dsa-reusablePackageDescription";
			productType = "com.apple.product-type.framework";
		};
		"dsa-reusable::dsa-reusable" /* dsa-reusable */ = {
			isa = PBXNativeTarget;
			buildConfigurationList = OBJ_19 /* Build configuration list for PBXNativeTarget "dsa-reusable" */;
			buildPhases = (
				OBJ_22 /* Sources */,
				OBJ_24 /* Frameworks */,
			);
			buildRules = (
			);
			dependencies = (
			);
			name = "dsa-reusable";
			productName = dsa_reusable;
			productReference = "dsa-reusable::dsa-reusable::Product" /* dsa_reusable.framework */;
			productType = "com.apple.product-type.framework";
		};
		"dsa-reusable::dsa-reusableTests" /* dsa-reusableTests */ = {
			isa = PBXNativeTarget;
			buildConfigurationList = OBJ_37 /* Build configuration list for PBXNativeTarget "dsa-reusableTests" */;
			buildPhases = (
				OBJ_40 /* Sources */,
				OBJ_42 /* Frameworks */,
			);
			buildRules = (
			);
			dependencies = (
				OBJ_44 /* PBXTargetDependency */,
			);
			name = "dsa-reusableTests";
			productName = dsa_reusableTests;
			productReference = "dsa-reusable::dsa-reusableTests::Product" /* dsa_reusableTests.xctest */;
			productType = "com.apple.product-type.bundle.unit-test";
		};
/* End PBXNativeTarget section */

/* Begin PBXProject section */
		OBJ_1 /* Project object */ = {
			isa = PBXProject;
			attributes = {
				LastSwiftMigration = 9999;
				LastUpgradeCheck = 9999;
			};
			buildConfigurationList = OBJ_2 /* Build configuration list for PBXProject "dsa-reusable" */;
			compatibilityVersion = "Xcode 3.2";
			developmentRegion = en;
			hasScannedForEncodings = 0;
			knownRegions = (
				en,
			);
			mainGroup = OBJ_5;
			productRefGroup = OBJ_13 /* Products */;
			projectDirPath = "";
			projectRoot = "";
			targets = (
				"dsa-reusable::dsa-reusable" /* dsa-reusable */,
				"dsa-reusable::SwiftPMPackageDescription" /* dsa-reusablePackageDescription */,
				"dsa-reusable::dsa-reusablePackageTests::ProductTarget" /* dsa-reusablePackageTests */,
				"dsa-reusable::dsa-reusableTests" /* dsa-reusableTests */,
			);
		};
/* End PBXProject section */

/* Begin PBXSourcesBuildPhase section */
		OBJ_22 /* Sources */ = {
			isa = PBXSourcesBuildPhase;
			buildActionMask = 0;
			files = (
				131D171B277312CE007FFE32 /* SinglyLinkedList.swift in Sources */,
				13F708BB27823DCF00CB3140 /* StackLinkedList.swift in Sources */,
				13F708B52782383900CB3140 /* Stack.swift in Sources */,
				131D171D277312DD007FFE32 /* SinglyLinkedListNode.swift in Sources */,
				131D1716277311D9007FFE32 /* Array+Joined.swift in Sources */,
				132A6C53277E505300C1A291 /* SinglyCircularLinkedList.swift in Sources */,
			);
			runOnlyForDeploymentPostprocessing = 0;
		};
		OBJ_29 /* Sources */ = {
			isa = PBXSourcesBuildPhase;
			buildActionMask = 0;
			files = (
				OBJ_30 /* Package.swift in Sources */,
			);
			runOnlyForDeploymentPostprocessing = 0;
		};
		OBJ_40 /* Sources */ = {
			isa = PBXSourcesBuildPhase;
			buildActionMask = 0;
			files = (
				131D172227731D56007FFE32 /* SinglyLinkedListTests.swift in Sources */,
				13F708BE27823EF100CB3140 /* StackLinkedListTests.swift in Sources */,
				132A6C56277E517900C1A291 /* SinglyCircularLinkedListTests.swift in Sources */,
				13F708B927823A6200CB3140 /* StackTests.swift in Sources */,
			);
			runOnlyForDeploymentPostprocessing = 0;
		};
/* End PBXSourcesBuildPhase section */

/* Begin PBXTargetDependency section */
		OBJ_35 /* PBXTargetDependency */ = {
			isa = PBXTargetDependency;
			target = "dsa-reusable::dsa-reusableTests" /* dsa-reusableTests */;
			targetProxy = 131D17142773113E007FFE32 /* PBXContainerItemProxy */;
		};
		OBJ_44 /* PBXTargetDependency */ = {
			isa = PBXTargetDependency;
			target = "dsa-reusable::dsa-reusable" /* dsa-reusable */;
			targetProxy = 131D17132773113E007FFE32 /* PBXContainerItemProxy */;
		};
/* End PBXTargetDependency section */

/* Begin XCBuildConfiguration section */
		OBJ_20 /* Debug */ = {
			isa = XCBuildConfiguration;
			buildSettings = {
				CURRENT_PROJECT_VERSION = 1;
				DRIVERKIT_DEPLOYMENT_TARGET = 19.0;
				ENABLE_TESTABILITY = YES;
				FRAMEWORK_SEARCH_PATHS = (
					"$(inherited)",
					"$(PLATFORM_DIR)/Developer/Library/Frameworks",
				);
				HEADER_SEARCH_PATHS = "$(inherited)";
				INFOPLIST_FILE = "dsa-reusable.xcodeproj/dsa_reusable_Info.plist";
				IPHONEOS_DEPLOYMENT_TARGET = 9.0;
				LD_RUNPATH_SEARCH_PATHS = "$(inherited) $(TOOLCHAIN_DIR)/usr/lib/swift/macosx";
				MACOSX_DEPLOYMENT_TARGET = 10.10;
				OTHER_CFLAGS = "$(inherited)";
				OTHER_LDFLAGS = "$(inherited)";
				OTHER_SWIFT_FLAGS = "$(inherited)";
				PRODUCT_BUNDLE_IDENTIFIER = "dsa-reusable";
				PRODUCT_MODULE_NAME = "$(TARGET_NAME:c99extidentifier)";
				PRODUCT_NAME = "$(TARGET_NAME:c99extidentifier)";
				SKIP_INSTALL = YES;
				SWIFT_ACTIVE_COMPILATION_CONDITIONS = "$(inherited)";
				SWIFT_VERSION = 5.0;
				TARGET_NAME = "dsa-reusable";
				TVOS_DEPLOYMENT_TARGET = 9.0;
				WATCHOS_DEPLOYMENT_TARGET = 2.0;
			};
			name = Debug;
		};
		OBJ_21 /* Release */ = {
			isa = XCBuildConfiguration;
			buildSettings = {
				CURRENT_PROJECT_VERSION = 1;
				DRIVERKIT_DEPLOYMENT_TARGET = 19.0;
				ENABLE_TESTABILITY = YES;
				FRAMEWORK_SEARCH_PATHS = (
					"$(inherited)",
					"$(PLATFORM_DIR)/Developer/Library/Frameworks",
				);
				HEADER_SEARCH_PATHS = "$(inherited)";
				INFOPLIST_FILE = "dsa-reusable.xcodeproj/dsa_reusable_Info.plist";
				IPHONEOS_DEPLOYMENT_TARGET = 9.0;
				LD_RUNPATH_SEARCH_PATHS = "$(inherited) $(TOOLCHAIN_DIR)/usr/lib/swift/macosx";
				MACOSX_DEPLOYMENT_TARGET = 10.10;
				OTHER_CFLAGS = "$(inherited)";
				OTHER_LDFLAGS = "$(inherited)";
				OTHER_SWIFT_FLAGS = "$(inherited)";
				PRODUCT_BUNDLE_IDENTIFIER = "dsa-reusable";
				PRODUCT_MODULE_NAME = "$(TARGET_NAME:c99extidentifier)";
				PRODUCT_NAME = "$(TARGET_NAME:c99extidentifier)";
				SKIP_INSTALL = YES;
				SWIFT_ACTIVE_COMPILATION_CONDITIONS = "$(inherited)";
				SWIFT_VERSION = 5.0;
				TARGET_NAME = "dsa-reusable";
				TVOS_DEPLOYMENT_TARGET = 9.0;
				WATCHOS_DEPLOYMENT_TARGET = 2.0;
			};
			name = Release;
		};
		OBJ_27 /* Debug */ = {
			isa = XCBuildConfiguration;
			buildSettings = {
				LD = /usr/bin/true;
				OTHER_SWIFT_FLAGS = "-swift-version 5 -I $(TOOLCHAIN_DIR)/usr/lib/swift/pm/ManifestAPI -sdk /Applications/Xcode.app/Contents/Developer/Platforms/MacOSX.platform/Developer/SDKs/MacOSX11.3.sdk -package-description-version 5.5.0";
				SWIFT_VERSION = 5.0;
			};
			name = Debug;
		};
		OBJ_28 /* Release */ = {
			isa = XCBuildConfiguration;
			buildSettings = {
				LD = /usr/bin/true;
				OTHER_SWIFT_FLAGS = "-swift-version 5 -I $(TOOLCHAIN_DIR)/usr/lib/swift/pm/ManifestAPI -sdk /Applications/Xcode.app/Contents/Developer/Platforms/MacOSX.platform/Developer/SDKs/MacOSX11.3.sdk -package-description-version 5.5.0";
				SWIFT_VERSION = 5.0;
			};
			name = Release;
		};
		OBJ_3 /* Debug */ = {
			isa = XCBuildConfiguration;
			buildSettings = {
				CLANG_ENABLE_OBJC_ARC = YES;
				COMBINE_HIDPI_IMAGES = YES;
				COPY_PHASE_STRIP = NO;
				DEBUG_INFORMATION_FORMAT = dwarf;
				DYLIB_INSTALL_NAME_BASE = "@rpath";
				ENABLE_NS_ASSERTIONS = YES;
				GCC_OPTIMIZATION_LEVEL = 0;
				GCC_PREPROCESSOR_DEFINITIONS = (
					"$(inherited)",
					"SWIFT_PACKAGE=1",
					"DEBUG=1",
				);
				MACOSX_DEPLOYMENT_TARGET = 10.10;
				ONLY_ACTIVE_ARCH = YES;
				OTHER_SWIFT_FLAGS = "$(inherited) -DXcode";
				PRODUCT_NAME = "$(TARGET_NAME)";
				SDKROOT = macosx;
				SUPPORTED_PLATFORMS = "$(AVAILABLE_PLATFORMS)";
				SUPPORTS_MACCATALYST = YES;
				SWIFT_ACTIVE_COMPILATION_CONDITIONS = "$(inherited) SWIFT_PACKAGE DEBUG";
				SWIFT_OPTIMIZATION_LEVEL = "-Onone";
				USE_HEADERMAP = NO;
			};
			name = Debug;
		};
		OBJ_33 /* Debug */ = {
			isa = XCBuildConfiguration;
			buildSettings = {
			};
			name = Debug;
		};
		OBJ_34 /* Release */ = {
			isa = XCBuildConfiguration;
			buildSettings = {
			};
			name = Release;
		};
		OBJ_38 /* Debug */ = {
			isa = XCBuildConfiguration;
			buildSettings = {
				CLANG_ENABLE_MODULES = YES;
				CURRENT_PROJECT_VERSION = 1;
				DRIVERKIT_DEPLOYMENT_TARGET = 19.0;
				EMBEDDED_CONTENT_CONTAINS_SWIFT = YES;
				FRAMEWORK_SEARCH_PATHS = (
					"$(inherited)",
					"$(PLATFORM_DIR)/Developer/Library/Frameworks",
				);
				HEADER_SEARCH_PATHS = "$(inherited)";
				INFOPLIST_FILE = "dsa-reusable.xcodeproj/dsa_reusableTests_Info.plist";
				IPHONEOS_DEPLOYMENT_TARGET = 14.0;
				LD_RUNPATH_SEARCH_PATHS = "$(inherited) @loader_path/../Frameworks @loader_path/Frameworks";
				MACOSX_DEPLOYMENT_TARGET = 11.0;
				OTHER_CFLAGS = "$(inherited)";
				OTHER_LDFLAGS = "$(inherited)";
				OTHER_SWIFT_FLAGS = "$(inherited)";
				SWIFT_ACTIVE_COMPILATION_CONDITIONS = "$(inherited)";
				SWIFT_VERSION = 5.0;
				TARGET_NAME = "dsa-reusableTests";
				TVOS_DEPLOYMENT_TARGET = 14.0;
				WATCHOS_DEPLOYMENT_TARGET = 7.0;
			};
			name = Debug;
		};
		OBJ_39 /* Release */ = {
			isa = XCBuildConfiguration;
			buildSettings = {
				CLANG_ENABLE_MODULES = YES;
				CURRENT_PROJECT_VERSION = 1;
				DRIVERKIT_DEPLOYMENT_TARGET = 19.0;
				EMBEDDED_CONTENT_CONTAINS_SWIFT = YES;
				FRAMEWORK_SEARCH_PATHS = (
					"$(inherited)",
					"$(PLATFORM_DIR)/Developer/Library/Frameworks",
				);
				HEADER_SEARCH_PATHS = "$(inherited)";
				INFOPLIST_FILE = "dsa-reusable.xcodeproj/dsa_reusableTests_Info.plist";
				IPHONEOS_DEPLOYMENT_TARGET = 14.0;
				LD_RUNPATH_SEARCH_PATHS = "$(inherited) @loader_path/../Frameworks @loader_path/Frameworks";
				MACOSX_DEPLOYMENT_TARGET = 11.0;
				OTHER_CFLAGS = "$(inherited)";
				OTHER_LDFLAGS = "$(inherited)";
				OTHER_SWIFT_FLAGS = "$(inherited)";
				SWIFT_ACTIVE_COMPILATION_CONDITIONS = "$(inherited)";
				SWIFT_VERSION = 5.0;
				TARGET_NAME = "dsa-reusableTests";
				TVOS_DEPLOYMENT_TARGET = 14.0;
				WATCHOS_DEPLOYMENT_TARGET = 7.0;
			};
			name = Release;
		};
		OBJ_4 /* Release */ = {
			isa = XCBuildConfiguration;
			buildSettings = {
				CLANG_ENABLE_OBJC_ARC = YES;
				COMBINE_HIDPI_IMAGES = YES;
				COPY_PHASE_STRIP = YES;
				DEBUG_INFORMATION_FORMAT = "dwarf-with-dsym";
				DYLIB_INSTALL_NAME_BASE = "@rpath";
				GCC_OPTIMIZATION_LEVEL = s;
				GCC_PREPROCESSOR_DEFINITIONS = (
					"$(inherited)",
					"SWIFT_PACKAGE=1",
				);
				MACOSX_DEPLOYMENT_TARGET = 10.10;
				OTHER_SWIFT_FLAGS = "$(inherited) -DXcode";
				PRODUCT_NAME = "$(TARGET_NAME)";
				SDKROOT = macosx;
				SUPPORTED_PLATFORMS = "$(AVAILABLE_PLATFORMS)";
				SUPPORTS_MACCATALYST = YES;
				SWIFT_ACTIVE_COMPILATION_CONDITIONS = "$(inherited) SWIFT_PACKAGE";
				SWIFT_OPTIMIZATION_LEVEL = "-Owholemodule";
				USE_HEADERMAP = NO;
			};
			name = Release;
		};
/* End XCBuildConfiguration section */

/* Begin XCConfigurationList section */
		OBJ_19 /* Build configuration list for PBXNativeTarget "dsa-reusable" */ = {
			isa = XCConfigurationList;
			buildConfigurations = (
				OBJ_20 /* Debug */,
				OBJ_21 /* Release */,
			);
			defaultConfigurationIsVisible = 0;
			defaultConfigurationName = Release;
		};
		OBJ_2 /* Build configuration list for PBXProject "dsa-reusable" */ = {
			isa = XCConfigurationList;
			buildConfigurations = (
				OBJ_3 /* Debug */,
				OBJ_4 /* Release */,
			);
			defaultConfigurationIsVisible = 0;
			defaultConfigurationName = Release;
		};
		OBJ_26 /* Build configuration list for PBXNativeTarget "dsa-reusablePackageDescription" */ = {
			isa = XCConfigurationList;
			buildConfigurations = (
				OBJ_27 /* Debug */,
				OBJ_28 /* Release */,
			);
			defaultConfigurationIsVisible = 0;
			defaultConfigurationName = Release;
		};
		OBJ_32 /* Build configuration list for PBXAggregateTarget "dsa-reusablePackageTests" */ = {
			isa = XCConfigurationList;
			buildConfigurations = (
				OBJ_33 /* Debug */,
				OBJ_34 /* Release */,
			);
			defaultConfigurationIsVisible = 0;
			defaultConfigurationName = Release;
		};
		OBJ_37 /* Build configuration list for PBXNativeTarget "dsa-reusableTests" */ = {
			isa = XCConfigurationList;
			buildConfigurations = (
				OBJ_38 /* Debug */,
				OBJ_39 /* Release */,
			);
			defaultConfigurationIsVisible = 0;
			defaultConfigurationName = Release;
		};
/* End XCConfigurationList section */
	};
	rootObject = OBJ_1 /* Project object */;
}
